Microsoft Visual Studio Solution File, Format Version 11.00
# Visual Studio 2008

Project("{2360413D-381B-22C0-8DCF-6A0081E0EA0A}") = "ForTheKids", "Assembly-CSharp.csproj", "{40AB360F-9BEA-6FF8-CA97-4538B0B23FA3}"
EndProject
Global
	GlobalSection(SolutionConfigurationPlatforms) = preSolution
		Debug|Any CPU = Debug|Any CPU
		Release|Any CPU = Release|Any CPU
	EndGlobalSection
	GlobalSection(ProjectConfigurationPlatforms) = postSolution
		{40AB360F-9BEA-6FF8-CA97-4538B0B23FA3}.Debug|Any CPU.ActiveCfg = Debug|Any CPU
		{40AB360F-9BEA-6FF8-CA97-4538B0B23FA3}.Debug|Any CPU.Build.0 = Debug|Any CPU
		{40AB360F-9BEA-6FF8-CA97-4538B0B23FA3}.Release|Any CPU.ActiveCfg = Release|Any CPU
		{40AB360F-9BEA-6FF8-CA97-4538B0B23FA3}.Release|Any CPU.Build.0 = Release|Any CPU
	EndGlobalSection
	GlobalSection(SolutionProperties) = preSolution
		HideSolutionNode = FALSE
	EndGlobalSection
	GlobalSection(MonoDevelopProperties) = preSolution
		StartupItem = Assembly-CSharp.csproj
	EndGlobalSection
EndGlobal
